
Microsoft Visual Studio Solution File, Format Version 12.00
# Visual Studio Version 17
VisualStudioVersion = 17.10.35201.131
MinimumVisualStudioVersion = 10.0.40219.1
Project("{FAE04EC0-301F-11D3-BF4B-00C04F79EFBC}") = "Entity", "Entity\Entity.csproj", "{E5359D13-6D4D-4F21-BE3B-75C49F91D0D1}"
EndProject
Project("{FAE04EC0-301F-11D3-BF4B-00C04F79EFBC}") = "Api", "Api\Api.csproj", "{20930EB9-23EF-4C97-9A65-7E494686E865}"
EndProject
Project("{FAE04EC0-301F-11D3-BF4B-00C04F79EFBC}") = "DataAccess", "DataAccess\DataAccess.csproj", "{E266B6AB-2431-44AD-A48F-019D2FE30F7F}"
EndProject
Project("{FAE04EC0-301F-11D3-BF4B-00C04F79EFBC}") = "Dto", "Dto\Dto.csproj", "{8D93F397-D0DE-4D73-A159-9BBD054F1973}"
EndProject
Global
	GlobalSection(SolutionConfigurationPlatforms) = preSolution
		Debug|Any CPU = Debug|Any CPU
		Release|Any CPU = Release|Any CPU
	EndGlobalSection
	GlobalSection(ProjectConfigurationPlatforms) = postSolution
		{E5359D13-6D4D-4F21-BE3B-75C49F91D0D1}.Debug|Any CPU.ActiveCfg = Debug|Any CPU
		{E5359D13-6D4D-4F21-BE3B-75C49F91D0D1}.Debug|Any CPU.Build.0 = Debug|Any CPU
		{E5359D13-6D4D-4F21-BE3B-75C49F91D0D1}.Release|Any CPU.ActiveCfg = Release|Any CPU
		{E5359D13-6D4D-4F21-BE3B-75C49F91D0D1}.Release|Any CPU.Build.0 = Release|Any CPU
		{20930EB9-23EF-4C97-9A65-7E494686E865}.Debug|Any CPU.ActiveCfg = Debug|Any CPU
		{20930EB9-23EF-4C97-9A65-7E494686E865}.Debug|Any CPU.Build.0 = Debug|Any CPU
		{20930EB9-23EF-4C97-9A65-7E494686E865}.Release|Any CPU.ActiveCfg = Release|Any CPU
		{20930EB9-23EF-4C97-9A65-7E494686E865}.Release|Any CPU.Build.0 = Release|Any CPU
		{E266B6AB-2431-44AD-A48F-019D2FE30F7F}.Debug|Any CPU.ActiveCfg = Debug|Any CPU
		{E266B6AB-2431-44AD-A48F-019D2FE30F7F}.Debug|Any CPU.Build.0 = Debug|Any CPU
		{E266B6AB-2431-44AD-A48F-019D2FE30F7F}.Release|Any CPU.ActiveCfg = Release|Any CPU
		{E266B6AB-2431-44AD-A48F-019D2FE30F7F}.Release|Any CPU.Build.0 = Release|Any CPU
		{8D93F397-D0DE-4D73-A159-9BBD054F1973}.Debug|Any CPU.ActiveCfg = Debug|Any CPU
		{8D93F397-D0DE-4D73-A159-9BBD054F1973}.Debug|Any CPU.Build.0 = Debug|Any CPU
		{8D93F397-D0DE-4D73-A159-9BBD054F1973}.Release|Any CPU.ActiveCfg = Release|Any CPU
		{8D93F397-D0DE-4D73-A159-9BBD054F1973}.Release|Any CPU.Build.0 = Release|Any CPU
	EndGlobalSection
	GlobalSection(SolutionProperties) = preSolution
		HideSolutionNode = FALSE
	EndGlobalSection
	GlobalSection(ExtensibilityGlobals) = postSolution
		SolutionGuid = {24124AF7-17AA-460E-8E7C-B08E5CD5AC40}
	EndGlobalSection
EndGlobal
